# generated by rye
# use `rye lock` or `rye sync` to update this lockfile
#
# last locked with the following flags:
#   pre: false
#   features: []
#   all-features: false
#   with-sources: false
#   generate-hashes: false
#   universal: false

-e file:.
blinker==1.8.2
    # via flask
certifi==2024.8.30
    # via requests
charset-normalizer==3.4.0
    # via requests
click==8.1.7
    # via flask
cowsay==6.1
    # via rest-api-exercise
flask==3.0.3
    # via rest-api-exercise
idna==3.10
    # via requests
itsdangerous==2.2.0
    # via flask
jinja2==3.1.4
    # via flask
markupsafe==3.0.1
    # via jinja2
    # via werkzeug
requests==2.32.3
    # via rest-api-exercise
urllib3==2.2.3
    # via requests
werkzeug==3.0.4
    # via flask
